
Microsoft Visual Studio Solution File, Format Version 12.00
# Visual Studio Version 16
VisualStudioVersion = 16.0.32630.194
MinimumVisualStudioVersion = 10.0.40219.1
Project("{8BC9CEB8-8B4A-11D0-8D11-00A0C91BC942}") = "ImageLabel", "ImageLabel\ImageLabel.vcxproj", "{ABA913AC-0B8C-41CD-B25D-8CE125387FFD}"
EndProject
Project("{FAE04EC0-301F-11D3-BF4B-00C04F79EFBC}") = "ConsoleApp1", "ConsoleApp1\ConsoleApp1.csproj", "{E9263FAD-2675-421B-A5A8-97073F8078C5}"
EndProject
Global
	GlobalSection(SolutionConfigurationPlatforms) = preSolution
		Debug|Any CPU = Debug|Any CPU
		Debug|x64 = Debug|x64
		Debug|x86 = Debug|x86
		Release|Any CPU = Release|Any CPU
		Release|x64 = Release|x64
		Release|x86 = Release|x86
	EndGlobalSection
	GlobalSection(ProjectConfigurationPlatforms) = postSolution
		{ABA913AC-0B8C-41CD-B25D-8CE125387FFD}.Debug|Any CPU.ActiveCfg = Debug|Win32
		{ABA913AC-0B8C-41CD-B25D-8CE125387FFD}.Debug|x64.ActiveCfg = Debug|x64
		{ABA913AC-0B8C-41CD-B25D-8CE125387FFD}.Debug|x64.Build.0 = Debug|x64
		{ABA913AC-0B8C-41CD-B25D-8CE125387FFD}.Debug|x86.ActiveCfg = Debug|Win32
		{ABA913AC-0B8C-41CD-B25D-8CE125387FFD}.Debug|x86.Build.0 = Debug|Win32
		{ABA913AC-0B8C-41CD-B25D-8CE125387FFD}.Release|Any CPU.ActiveCfg = Release|Win32
		{ABA913AC-0B8C-41CD-B25D-8CE125387FFD}.Release|x64.ActiveCfg = Release|x64
		{ABA913AC-0B8C-41CD-B25D-8CE125387FFD}.Release|x64.Build.0 = Release|x64
		{ABA913AC-0B8C-41CD-B25D-8CE125387FFD}.Release|x86.ActiveCfg = Release|Win32
		{ABA913AC-0B8C-41CD-B25D-8CE125387FFD}.Release|x86.Build.0 = Release|Win32
		{E9263FAD-2675-421B-A5A8-97073F8078C5}.Debug|Any CPU.ActiveCfg = Debug|Any CPU
		{E9263FAD-2675-421B-A5A8-97073F8078C5}.Debug|Any CPU.Build.0 = Debug|Any CPU
		{E9263FAD-2675-421B-A5A8-97073F8078C5}.Debug|x64.ActiveCfg = Debug|Any CPU
		{E9263FAD-2675-421B-A5A8-97073F8078C5}.Debug|x64.Build.0 = Debug|Any CPU
		{E9263FAD-2675-421B-A5A8-97073F8078C5}.Debug|x86.ActiveCfg = Debug|Any CPU
		{E9263FAD-2675-421B-A5A8-97073F8078C5}.Debug|x86.Build.0 = Debug|Any CPU
		{E9263FAD-2675-421B-A5A8-97073F8078C5}.Release|Any CPU.ActiveCfg = Release|Any CPU
		{E9263FAD-2675-421B-A5A8-97073F8078C5}.Release|Any CPU.Build.0 = Release|Any CPU
		{E9263FAD-2675-421B-A5A8-97073F8078C5}.Release|x64.ActiveCfg = Release|Any CPU
		{E9263FAD-2675-421B-A5A8-97073F8078C5}.Release|x64.Build.0 = Release|Any CPU
		{E9263FAD-2675-421B-A5A8-97073F8078C5}.Release|x86.ActiveCfg = Release|Any CPU
		{E9263FAD-2675-421B-A5A8-97073F8078C5}.Release|x86.Build.0 = Release|Any CPU
	EndGlobalSection
	GlobalSection(SolutionProperties) = preSolution
		HideSolutionNode = FALSE
	EndGlobalSection
	GlobalSection(ExtensibilityGlobals) = postSolution
		SolutionGuid = {16DD4A83-D451-439A-BB95-1EC7B81128DA}
	EndGlobalSection
EndGlobal
